Microsoft Visual Studio Solution File, Format Version 12.00
# Visual Studio Version 17
VisualStudioVersion = 17.5.2.0
MinimumVisualStudioVersion = 10.0.40219.1
Project("{FAE04EC0-301F-11D3-BF4B-00C04F79EFBC}") = "InternshipFinder", "InternshipFinder.csproj", "{F90FFB3D-9A07-D704-EB5B-07AFBC92E83F}"
EndProject
Global
	GlobalSection(SolutionConfigurationPlatforms) = preSolution
		Debug|Any CPU = Debug|Any CPU
		Release|Any CPU = Release|Any CPU
	EndGlobalSection
	GlobalSection(ProjectConfigurationPlatforms) = postSolution
		{F90FFB3D-9A07-D704-EB5B-07AFBC92E83F}.Debug|Any CPU.ActiveCfg = Debug|Any CPU
		{F90FFB3D-9A07-D704-EB5B-07AFBC92E83F}.Debug|Any CPU.Build.0 = Debug|Any CPU
		{F90FFB3D-9A07-D704-EB5B-07AFBC92E83F}.Release|Any CPU.ActiveCfg = Release|Any CPU
		{F90FFB3D-9A07-D704-EB5B-07AFBC92E83F}.Release|Any CPU.Build.0 = Release|Any CPU
	EndGlobalSection
	GlobalSection(SolutionProperties) = preSolution
		HideSolutionNode = FALSE
	EndGlobalSection
	GlobalSection(ExtensibilityGlobals) = postSolution
		SolutionGuid = {D3A1BE64-7589-4ACA-AFBB-EC8360A5EE45}
	EndGlobalSection
EndGlobal
